
Microsoft Visual Studio Solution File, Format Version 12.00
# Visual Studio 2017
Project("{FAE04EC0-301F-11D3-BF4B-00C04F79EFBC}") = "JhonControl", "JhonControl.csproj", "{7857CFF6-FB61-40BD-10AF-0933AFF8D1AA}"
EndProject
Project("{FAE04EC0-301F-11D3-BF4B-00C04F79EFBC}") = "JhonControl.Editor", "JhonControl.Editor.csproj", "{D59D3C7C-10FE-4834-7B66-0DCE5AB13F07}"
EndProject
Global
	GlobalSection(SolutionConfigurationPlatforms) = preSolution
		Debug|Any CPU = Debug|Any CPU
		Release|Any CPU = Release|Any CPU
	EndGlobalSection
	GlobalSection(ProjectConfigurationPlatforms) = postSolution
		{7857CFF6-FB61-40BD-10AF-0933AFF8D1AA}.Debug|Any CPU.ActiveCfg = Debug|Any CPU
		{7857CFF6-FB61-40BD-10AF-0933AFF8D1AA}.Debug|Any CPU.Build.0 = Debug|Any CPU
		{7857CFF6-FB61-40BD-10AF-0933AFF8D1AA}.Release|Any CPU.ActiveCfg = Release|Any CPU
		{7857CFF6-FB61-40BD-10AF-0933AFF8D1AA}.Release|Any CPU.Build.0 = Release|Any CPU
		{D59D3C7C-10FE-4834-7B66-0DCE5AB13F07}.Debug|Any CPU.ActiveCfg = Debug|Any CPU
		{D59D3C7C-10FE-4834-7B66-0DCE5AB13F07}.Debug|Any CPU.Build.0 = Debug|Any CPU
		{D59D3C7C-10FE-4834-7B66-0DCE5AB13F07}.Release|Any CPU.ActiveCfg = Release|Any CPU
		{D59D3C7C-10FE-4834-7B66-0DCE5AB13F07}.Release|Any CPU.Build.0 = Release|Any CPU
	EndGlobalSection
	GlobalSection(SolutionProperties) = preSolution
		HideSolutionNode = FALSE
	EndGlobalSection
EndGlobal
